
Microsoft Visual Studio Solution File, Format Version 12.00
# Visual Studio Version 16
VisualStudioVersion = 16.0.30011.22
MinimumVisualStudioVersion = 10.0.40219.1
Project("{FAE04EC0-301F-11D3-BF4B-00C04F79EFBC}") = "PDAnXi", "PDAnXi\PDAnXi.csproj", "{974FC2B9-FFA5-4DE9-A5BD-B9BE5A8F0F17}"
EndProject
Global
	GlobalSection(SolutionConfigurationPlatforms) = preSolution
		Debug|Any CPU = Debug|Any CPU
		Release|Any CPU = Release|Any CPU
	EndGlobalSection
	GlobalSection(ProjectConfigurationPlatforms) = postSolution
		{974FC2B9-FFA5-4DE9-A5BD-B9BE5A8F0F17}.Debug|Any CPU.ActiveCfg = Debug|Any CPU
		{974FC2B9-FFA5-4DE9-A5BD-B9BE5A8F0F17}.Debug|Any CPU.Build.0 = Debug|Any CPU
		{974FC2B9-FFA5-4DE9-A5BD-B9BE5A8F0F17}.Release|Any CPU.ActiveCfg = Release|Any CPU
		{974FC2B9-FFA5-4DE9-A5BD-B9BE5A8F0F17}.Release|Any CPU.Build.0 = Release|Any CPU
	EndGlobalSection
	GlobalSection(SolutionProperties) = preSolution
		HideSolutionNode = FALSE
	EndGlobalSection
	GlobalSection(ExtensibilityGlobals) = postSolution
		SolutionGuid = {F69F1DF8-221B-48B2-A79C-24C0D8E1CC01}
	EndGlobalSection
EndGlobal
